
Microsoft Visual Studio Solution File, Format Version 12.00
# Visual Studio Version 16
VisualStudioVersion = 16.0.29519.87
MinimumVisualStudioVersion = 10.0.40219.1
Project("{9A19103F-16F7-4668-BE54-9A1E7A4F7556}") = "ZPO_cwiczenia3", "ZPO_cwiczenia3\ZPO_cwiczenia3.csproj", "{F067C505-FE1F-487B-B500-6733AE966D88}"
EndProject
Project("{9A19103F-16F7-4668-BE54-9A1E7A4F7556}") = "ZPO_cwiczenia4", "ZPO_cwiczenia4\ZPO_cwiczenia4.csproj", "{EB9CEFD8-0A77-4D05-8E2A-CFF2E621CF6F}"
EndProject
Project("{FAE04EC0-301F-11D3-BF4B-00C04F79EFBC}") = "ZPO_cwiczenia5_1", "ZPO_cwiczenia5\ZPO_cwiczenia5_1.csproj", "{7632801E-72E5-4AF6-9299-D6E05C2DCC39}"
EndProject
Project("{FAE04EC0-301F-11D3-BF4B-00C04F79EFBC}") = "ZPO_cwiczenia5_2", "ZPO_cwiczenia5_2\ZPO_cwiczenia5_2.csproj", "{0F56A472-77CF-4BB5-BA3D-A70FB8D83DF3}"
EndProject
Project("{FAE04EC0-301F-11D3-BF4B-00C04F79EFBC}") = "ZPO_cwiczenia5_3", "ZPO_cwiczenia5_3\ZPO_cwiczenia5_3.csproj", "{F2E44D17-EFA2-44A6-B4E2-C7222C05FBF0}"
EndProject
Global
	GlobalSection(SolutionConfigurationPlatforms) = preSolution
		Debug|Any CPU = Debug|Any CPU
		Release|Any CPU = Release|Any CPU
	EndGlobalSection
	GlobalSection(ProjectConfigurationPlatforms) = postSolution
		{F067C505-FE1F-487B-B500-6733AE966D88}.Debug|Any CPU.ActiveCfg = Debug|Any CPU
		{F067C505-FE1F-487B-B500-6733AE966D88}.Debug|Any CPU.Build.0 = Debug|Any CPU
		{F067C505-FE1F-487B-B500-6733AE966D88}.Release|Any CPU.ActiveCfg = Release|Any CPU
		{F067C505-FE1F-487B-B500-6733AE966D88}.Release|Any CPU.Build.0 = Release|Any CPU
		{EB9CEFD8-0A77-4D05-8E2A-CFF2E621CF6F}.Debug|Any CPU.ActiveCfg = Debug|Any CPU
		{EB9CEFD8-0A77-4D05-8E2A-CFF2E621CF6F}.Debug|Any CPU.Build.0 = Debug|Any CPU
		{EB9CEFD8-0A77-4D05-8E2A-CFF2E621CF6F}.Release|Any CPU.ActiveCfg = Release|Any CPU
		{EB9CEFD8-0A77-4D05-8E2A-CFF2E621CF6F}.Release|Any CPU.Build.0 = Release|Any CPU
		{7632801E-72E5-4AF6-9299-D6E05C2DCC39}.Debug|Any CPU.ActiveCfg = Debug|Any CPU
		{7632801E-72E5-4AF6-9299-D6E05C2DCC39}.Debug|Any CPU.Build.0 = Debug|Any CPU
		{7632801E-72E5-4AF6-9299-D6E05C2DCC39}.Release|Any CPU.ActiveCfg = Release|Any CPU
		{7632801E-72E5-4AF6-9299-D6E05C2DCC39}.Release|Any CPU.Build.0 = Release|Any CPU
		{0F56A472-77CF-4BB5-BA3D-A70FB8D83DF3}.Debug|Any CPU.ActiveCfg = Debug|Any CPU
		{0F56A472-77CF-4BB5-BA3D-A70FB8D83DF3}.Debug|Any CPU.Build.0 = Debug|Any CPU
		{0F56A472-77CF-4BB5-BA3D-A70FB8D83DF3}.Release|Any CPU.ActiveCfg = Release|Any CPU
		{0F56A472-77CF-4BB5-BA3D-A70FB8D83DF3}.Release|Any CPU.Build.0 = Release|Any CPU
		{F2E44D17-EFA2-44A6-B4E2-C7222C05FBF0}.Debug|Any CPU.ActiveCfg = Debug|Any CPU
		{F2E44D17-EFA2-44A6-B4E2-C7222C05FBF0}.Debug|Any CPU.Build.0 = Debug|Any CPU
		{F2E44D17-EFA2-44A6-B4E2-C7222C05FBF0}.Release|Any CPU.ActiveCfg = Release|Any CPU
		{F2E44D17-EFA2-44A6-B4E2-C7222C05FBF0}.Release|Any CPU.Build.0 = Release|Any CPU
	EndGlobalSection
	GlobalSection(SolutionProperties) = preSolution
		HideSolutionNode = FALSE
	EndGlobalSection
	GlobalSection(ExtensibilityGlobals) = postSolution
		SolutionGuid = {C89FC415-E1F6-46CF-831A-5FF24DC926CD}
	EndGlobalSection
EndGlobal
